// !$*UTF8*$!
{
	archiveVersion = 1;
	classes = {
	};
	objectVersion = 48;
	objects = {

/* Begin PBXBuildFile section */
		0608D20D20AE8B480028F98F /* RunningController.swift in Sources */ = {isa = PBXBuildFile; fileRef = 0608D20C20AE8B480028F98F /* RunningController.swift */; };
		0631989E20B8372100573384 /* GoogleService-Info.plist in Resources */ = {isa = PBXBuildFile; fileRef = 0631989D20B8372100573384 /* GoogleService-Info.plist */; };
		069C815920AF23330085ECE2 /* LoginController.swift in Sources */ = {isa = PBXBuildFile; fileRef = 069C815820AF23330085ECE2 /* LoginController.swift */; };
		069C815B20AF233F0085ECE2 /* RegisterController.swift in Sources */ = {isa = PBXBuildFile; fileRef = 069C815A20AF233F0085ECE2 /* RegisterController.swift */; };
		06A477EA20AC238800CCBBDD /* AppDelegate.swift in Sources */ = {isa = PBXBuildFile; fileRef = 06A477E920AC238800CCBBDD /* AppDelegate.swift */; };
		06A477EC20AC238800CCBBDD /* ViewController.swift in Sources */ = {isa = PBXBuildFile; fileRef = 06A477EB20AC238800CCBBDD /* ViewController.swift */; };
		06A477EF20AC238800CCBBDD /* Main.storyboard in Resources */ = {isa = PBXBuildFile; fileRef = 06A477ED20AC238800CCBBDD /* Main.storyboard */; };
		06A477F220AC238800CCBBDD /* Insist.xcdatamodeld in Sources */ = {isa = PBXBuildFile; fileRef = 06A477F020AC238800CCBBDD /* Insist.xcdatamodeld */; };
		06A477F420AC238B00CCBBDD /* Assets.xcassets in Resources */ = {isa = PBXBuildFile; fileRef = 06A477F320AC238B00CCBBDD /* Assets.xcassets */; };
		06A477F720AC238B00CCBBDD /* LaunchScreen.storyboard in Resources */ = {isa = PBXBuildFile; fileRef = 06A477F520AC238B00CCBBDD /* LaunchScreen.storyboard */; };
		06A4780920AC2B9B00CCBBDD /* WelcomeController.swift in Sources */ = {isa = PBXBuildFile; fileRef = 06A4780820AC2B9B00CCBBDD /* WelcomeController.swift */; };
		06ACD35820AC7CC300700BFC /* ProfileController.swift in Sources */ = {isa = PBXBuildFile; fileRef = 06ACD35720AC7CC300700BFC /* ProfileController.swift */; };
		06E7563F20ADC606005BAC9E /* MapKit.framework in Frameworks */ = {isa = PBXBuildFile; fileRef = 06E7563E20ADC606005BAC9E /* MapKit.framework */; };
		06E7564120ADC958005BAC9E /* FinishController.swift in Sources */ = {isa = PBXBuildFile; fileRef = 06E7564020ADC958005BAC9E /* FinishController.swift */; };
		06E7564320ADCBCB005BAC9E /* Record.swift in Sources */ = {isa = PBXBuildFile; fileRef = 06E7564220ADCBCB005BAC9E /* Record.swift */; };
		06E7564520ADD031005BAC9E /* User.swift in Sources */ = {isa = PBXBuildFile; fileRef = 06E7564420ADD031005BAC9E /* User.swift */; };
		06F0CD1D20B951DD00D4F579 /* Record1Controller.swift in Sources */ = {isa = PBXBuildFile; fileRef = 06F0CD1C20B951DD00D4F579 /* Record1Controller.swift */; };
		06F0CD1F20B966E400D4F579 /* RecordController.swift in Sources */ = {isa = PBXBuildFile; fileRef = 06F0CD1E20B966E400D4F579 /* RecordController.swift */; };
		C257E109E2E90C4AFBCFCDF5 /* Pods_Insist.framework in Frameworks */ = {isa = PBXBuildFile; fileRef = 5D9CD7B7F0E12336DF92BD0F /* Pods_Insist.framework */; };
/* End PBXBuildFile section */

/* Begin PBXFileReference section */
		0608D20C20AE8B480028F98F /* RunningController.swift */ = {isa = PBXFileReference; lastKnownFileType = sourcecode.swift; path = RunningController.swift; sourceTree = "<group>"; };
		0631989D20B8372100573384 /* GoogleService-Info.plist */ = {isa = PBXFileReference; fileEncoding = 4; lastKnownFileType = text.plist.xml; path = "GoogleService-Info.plist"; sourceTree = "<group>"; };
		069C815820AF23330085ECE2 /* LoginController.swift */ = {isa = PBXFileReference; lastKnownFileType = sourcecode.swift; path = LoginController.swift; sourceTree = "<group>"; };
		069C815A20AF233F0085ECE2 /* RegisterController.swift */ = {isa = PBXFileReference; lastKnownFileType = sourcecode.swift; path = RegisterController.swift; sourceTree = "<group>"; };
		06A477E620AC238800CCBBDD /* Insist.app */ = {isa = PBXFileReference; explicitFileType = wrapper.application; includeInIndex = 0; path = Insist.app; sourceTree = BUILT_PRODUCTS_DIR; };
		06A477E920AC238800CCBBDD /* AppDelegate.swift */ = {isa = PBXFileReference; lastKnownFileType = sourcecode.swift; path = AppDelegate.swift; sourceTree = "<group>"; };
		06A477EB20AC238800CCBBDD /* ViewController.swift */ = {isa = PBXFileReference; lastKnownFileType = sourcecode.swift; path = ViewController.swift; sourceTree = "<group>"; };
		06A477EE20AC238800CCBBDD /* Base */ = {isa = PBXFileReference; lastKnownFileType = file.storyboard; name = Base; path = Base.lproj/Main.storyboard; sourceTree = "<group>"; };
		06A477F120AC238800CCBBDD /* Insist.xcdatamodel */ = {isa = PBXFileReference; lastKnownFileType = wrapper.xcdatamodel; path = Insist.xcdatamodel; sourceTree = "<group>"; };
		06A477F320AC238B00CCBBDD /* Assets.xcassets */ = {isa = PBXFileReference; lastKnownFileType = folder.assetcatalog; name = Assets.xcassets; path = Insist/Assets.xcassets; sourceTree = SOURCE_ROOT; };
		06A477F620AC238B00CCBBDD /* Base */ = {isa = PBXFileReference; lastKnownFileType = file.storyboard; name = Base; path = Base.lproj/LaunchScreen.storyboard; sourceTree = "<group>"; };
		06A477F820AC238B00CCBBDD /* Info.plist */ = {isa = PBXFileReference; lastKnownFileType = text.plist.xml; path = Info.plist; sourceTree = "<group>"; };
		06A4780820AC2B9B00CCBBDD /* WelcomeController.swift */ = {isa = PBXFileReference; lastKnownFileType = sourcecode.swift; path = WelcomeController.swift; sourceTree = "<group>"; };
		06A4780A20AC36B800CCBBDD /* Insist.entitlements */ = {isa = PBXFileReference; lastKnownFileType = text.plist.entitlements; path = Insist.entitlements; sourceTree = "<group>"; };
		06ACD35720AC7CC300700BFC /* ProfileController.swift */ = {isa = PBXFileReference; lastKnownFileType = sourcecode.swift; path = ProfileController.swift; sourceTree = "<group>"; };
		06E7563E20ADC606005BAC9E /* MapKit.framework */ = {isa = PBXFileReference; lastKnownFileType = wrapper.framework; name = MapKit.framework; path = System/Library/Frameworks/MapKit.framework; sourceTree = SDKROOT; };
		06E7564020ADC958005BAC9E /* FinishController.swift */ = {isa = PBXFileReference; lastKnownFileType = sourcecode.swift; path = FinishController.swift; sourceTree = "<group>"; };
		06E7564220ADCBCB005BAC9E /* Record.swift */ = {isa = PBXFileReference; lastKnownFileType = sourcecode.swift; path = Record.swift; sourceTree = "<group>"; };
		06E7564420ADD031005BAC9E /* User.swift */ = {isa = PBXFileReference; lastKnownFileType = sourcecode.swift; path = User.swift; sourceTree = "<group>"; };
		06F0CD1C20B951DD00D4F579 /* Record1Controller.swift */ = {isa = PBXFileReference; lastKnownFileType = sourcecode.swift; path = Record1Controller.swift; sourceTree = "<group>"; };
		06F0CD1E20B966E400D4F579 /* RecordController.swift */ = {isa = PBXFileReference; lastKnownFileType = sourcecode.swift; path = RecordController.swift; sourceTree = "<group>"; };
		331527403A1CC2CE0EF10CBE /* Pods-Insist.debug.xcconfig */ = {isa = PBXFileReference; includeInIndex = 1; lastKnownFileType = text.xcconfig; name = "Pods-Insist.debug.xcconfig"; path = "Pods/Target Support Files/Pods-Insist/Pods-Insist.debug.xcconfig"; sourceTree = "<group>"; };
		5D9CD7B7F0E12336DF92BD0F /* Pods_Insist.framework */ = {isa = PBXFileReference; explicitFileType = wrapper.framework; includeInIndex = 0; path = Pods_Insist.framework; sourceTree = BUILT_PRODUCTS_DIR; };
		FC14A12FF4D988720CFEA9F6 /* Pods-Insist.release.xcconfig */ = {isa = PBXFileReference; includeInIndex = 1; lastKnownFileType = text.xcconfig; name = "Pods-Insist.release.xcconfig"; path = "Pods/Target Support Files/Pods-Insist/Pods-Insist.release.xcconfig"; sourceTree = "<group>"; };
/* End PBXFileReference section */

/* Begin PBXFrameworksBuildPhase section */
		06A477E320AC238800CCBBDD /* Frameworks */ = {
			isa = PBXFrameworksBuildPhase;
			buildActionMask = 2147483647;
			files = (
				06E7563F20ADC606005BAC9E /* MapKit.framework in Frameworks */,
				C257E109E2E90C4AFBCFCDF5 /* Pods_Insist.framework in Frameworks */,
			);
			runOnlyForDeploymentPostprocessing = 0;
		};
/* End PBXFrameworksBuildPhase section */

/* Begin PBXGroup section */
		06A477DD20AC238800CCBBDD = {
			isa = PBXGroup;
			children = (
				06A477E820AC238800CCBBDD /* Insist */,
				06A477E720AC238800CCBBDD /* Products */,
				E98EACBCC7725EBEBFC73126 /* Pods */,
				7DEF7F9905A16AB47502B714 /* Frameworks */,
			);
			sourceTree = "<group>";
		};
		06A477E720AC238800CCBBDD /* Products */ = {
			isa = PBXGroup;
			children = (
				06A477E620AC238800CCBBDD /* Insist.app */,
			);
			name = Products;
			sourceTree = "<group>";
		};
		06A477E820AC238800CCBBDD /* Insist */ = {
			isa = PBXGroup;
			children = (
				06A4780A20AC36B800CCBBDD /* Insist.entitlements */,
				06A477E920AC238800CCBBDD /* AppDelegate.swift */,
				06A477EB20AC238800CCBBDD /* ViewController.swift */,
				06A477ED20AC238800CCBBDD /* Main.storyboard */,
				06A477F320AC238B00CCBBDD /* Assets.xcassets */,
				06A477F520AC238B00CCBBDD /* LaunchScreen.storyboard */,
				06A477F820AC238B00CCBBDD /* Info.plist */,
				0631989D20B8372100573384 /* GoogleService-Info.plist */,
				06A477F020AC238800CCBBDD /* Insist.xcdatamodeld */,
				06A4780820AC2B9B00CCBBDD /* WelcomeController.swift */,
				06ACD35720AC7CC300700BFC /* ProfileController.swift */,
				06E7564020ADC958005BAC9E /* FinishController.swift */,
				0608D20C20AE8B480028F98F /* RunningController.swift */,
				069C815820AF23330085ECE2 /* LoginController.swift */,
				069C815A20AF233F0085ECE2 /* RegisterController.swift */,
				06F0CD1E20B966E400D4F579 /* RecordController.swift */,
				06F0CD1C20B951DD00D4F579 /* Record1Controller.swift */,
				06E7564220ADCBCB005BAC9E /* Record.swift */,
				06E7564420ADD031005BAC9E /* User.swift */,
			);
			path = Insist;
			sourceTree = "<group>";
		};
		7DEF7F9905A16AB47502B714 /* Frameworks */ = {
			isa = PBXGroup;
			children = (
				06E7563E20ADC606005BAC9E /* MapKit.framework */,
				5D9CD7B7F0E12336DF92BD0F /* Pods_Insist.framework */,
			);
			name = Frameworks;
			sourceTree = "<group>";
		};
		E98EACBCC7725EBEBFC73126 /* Pods */ = {
			isa = PBXGroup;
			children = (
				331527403A1CC2CE0EF10CBE /* Pods-Insist.debug.xcconfig */,
				FC14A12FF4D988720CFEA9F6 /* Pods-Insist.release.xcconfig */,
			);
			name = Pods;
			sourceTree = "<group>";
		};
/* End PBXGroup section */

/* Begin PBXNativeTarget section */
		06A477E520AC238800CCBBDD /* Insist */ = {
			isa = PBXNativeTarget;
			buildConfigurationList = 06A477FB20AC238B00CCBBDD /* Build configuration list for PBXNativeTarget "Insist" */;
			buildPhases = (
				CE8DED85587B2AB0AB83D0A3 /* [CP] Check Pods Manifest.lock */,
				06A477E220AC238800CCBBDD /* Sources */,
				06A477E320AC238800CCBBDD /* Frameworks */,
				06A477E420AC238800CCBBDD /* Resources */,
				88088940BF5A8E4E700C043E /* [CP] Embed Pods Frameworks */,
			);
			buildRules = (
			);
			dependencies = (
			);
			name = Insist;
			productName = Insist;
			productReference = 06A477E620AC238800CCBBDD /* Insist.app */;
			productType = "com.apple.product-type.application";
		};
/* End PBXNativeTarget section */

/* Begin PBXProject section */
		06A477DE20AC238800CCBBDD /* Project object */ = {
			isa = PBXProject;
			attributes = {
				LastSwiftUpdateCheck = 0930;
				LastUpgradeCheck = 0930;
				ORGANIZATIONNAME = "Shiwei Lin";
				TargetAttributes = {
					06A477E520AC238800CCBBDD = {
						CreatedOnToolsVersion = 9.3.1;
						ProvisioningStyle = Automatic;
						SystemCapabilities = {
							com.apple.BackgroundModes = {
								enabled = 1;
							};
							com.apple.Keychain = {
								enabled = 1;
							};
							com.apple.Maps.iOS = {
								enabled = 1;
							};
						};
					};
				};
			};
			buildConfigurationList = 06A477E120AC238800CCBBDD /* Build configuration list for PBXProject "Insist" */;
			compatibilityVersion = "Xcode 8.0";
			developmentRegion = en;
			hasScannedForEncodings = 0;
			knownRegions = (
				en,
				Base,
			);
			mainGroup = 06A477DD20AC238800CCBBDD;
			productRefGroup = 06A477E720AC238800CCBBDD /* Products */;
			projectDirPath = "";
			projectRoot = "";
			targets = (
				06A477E520AC238800CCBBDD /* Insist */,
			);
		};
/* End PBXProject section */

/* Begin PBXResourcesBuildPhase section */
		06A477E420AC238800CCBBDD /* Resources */ = {
			isa = PBXResourcesBuildPhase;
			buildActionMask = 2147483647;
			files = (
				06A477F720AC238B00CCBBDD /* LaunchScreen.storyboard in Resources */,
				0631989E20B8372100573384 /* GoogleService-Info.plist in Resources */,
				06A477F420AC238B00CCBBDD /* Assets.xcassets in Resources */,
				06A477EF20AC238800CCBBDD /* Main.storyboard in Resources */,
			);
			runOnlyForDeploymentPostprocessing = 0;
		};
/* End PBXResourcesBuildPhase section */

/* Begin PBXShellScriptBuildPhase section */
		88088940BF5A8E4E700C043E /* [CP] Embed Pods Frameworks */ = {
			isa = PBXShellScriptBuildPhase;
			buildActionMask = 2147483647;
			files = (
			);
			inputPaths = (
				"${SRCROOT}/Pods/Target Support Files/Pods-Insist/Pods-Insist-frameworks.sh",
				"${BUILT_PRODUCTS_DIR}/Bolts/Bolts.framework",
				"${BUILT_PRODUCTS_DIR}/BoringSSL/openssl.framework",
				"${BUILT_PRODUCTS_DIR}/FBSDKCoreKit/FBSDKCoreKit.framework",
				"${BUILT_PRODUCTS_DIR}/FBSDKLoginKit/FBSDKLoginKit.framework",
				"${BUILT_PRODUCTS_DIR}/FBSDKShareKit/FBSDKShareKit.framework",
				"${BUILT_PRODUCTS_DIR}/FacebookCore/FacebookCore.framework",
				"${BUILT_PRODUCTS_DIR}/FacebookLogin/FacebookLogin.framework",
				"${BUILT_PRODUCTS_DIR}/FacebookShare/FacebookShare.framework",
				"${BUILT_PRODUCTS_DIR}/GTMSessionFetcher/GTMSessionFetcher.framework",
				"${BUILT_PRODUCTS_DIR}/GoogleToolboxForMac/GoogleToolboxForMac.framework",
				"${BUILT_PRODUCTS_DIR}/LBTAComponents/LBTAComponents.framework",
				"${BUILT_PRODUCTS_DIR}/Protobuf/Protobuf.framework",
				"${BUILT_PRODUCTS_DIR}/gRPC/GRPCClient.framework",
				"${BUILT_PRODUCTS_DIR}/gRPC-Core/grpc.framework",
				"${BUILT_PRODUCTS_DIR}/gRPC-ProtoRPC/ProtoRPC.framework",
				"${BUILT_PRODUCTS_DIR}/gRPC-RxLibrary/RxLibrary.framework",
				"${BUILT_PRODUCTS_DIR}/leveldb-library/leveldb.framework",
				"${BUILT_PRODUCTS_DIR}/nanopb/nanopb.framework",
			);
			name = "[CP] Embed Pods Frameworks";
			outputPaths = (
				"${TARGET_BUILD_DIR}/${FRAMEWORKS_FOLDER_PATH}/Bolts.framework",
				"${TARGET_BUILD_DIR}/${FRAMEWORKS_FOLDER_PATH}/openssl.framework",
				"${TARGET_BUILD_DIR}/${FRAMEWORKS_FOLDER_PATH}/FBSDKCoreKit.framework",
				"${TARGET_BUILD_DIR}/${FRAMEWORKS_FOLDER_PATH}/FBSDKLoginKit.framework",
				"${TARGET_BUILD_DIR}/${FRAMEWORKS_FOLDER_PATH}/FBSDKShareKit.framework",
				"${TARGET_BUILD_DIR}/${FRAMEWORKS_FOLDER_PATH}/FacebookCore.framework",
				"${TARGET_BUILD_DIR}/${FRAMEWORKS_FOLDER_PATH}/FacebookLogin.framework",
				"${TARGET_BUILD_DIR}/${FRAMEWORKS_FOLDER_PATH}/FacebookShare.framework",
				"${TARGET_BUILD_DIR}/${FRAMEWORKS_FOLDER_PATH}/GTMSessionFetcher.framework",
				"${TARGET_BUILD_DIR}/${FRAMEWORKS_FOLDER_PATH}/GoogleToolboxForMac.framework",
				"${TARGET_BUILD_DIR}/${FRAMEWORKS_FOLDER_PATH}/LBTAComponents.framework",
				"${TARGET_BUILD_DIR}/${FRAMEWORKS_FOLDER_PATH}/Protobuf.framework",
				"${TARGET_BUILD_DIR}/${FRAMEWORKS_FOLDER_PATH}/GRPCClient.framework",
				"${TARGET_BUILD_DIR}/${FRAMEWORKS_FOLDER_PATH}/grpc.framework",
				"${TARGET_BUILD_DIR}/${FRAMEWORKS_FOLDER_PATH}/ProtoRPC.framework",
				"${TARGET_BUILD_DIR}/${FRAMEWORKS_FOLDER_PATH}/RxLibrary.framework",
				"${TARGET_BUILD_DIR}/${FRAMEWORKS_FOLDER_PATH}/leveldb.framework",
				"${TARGET_BUILD_DIR}/${FRAMEWORKS_FOLDER_PATH}/nanopb.framework",
			);
			runOnlyForDeploymentPostprocessing = 0;
			shellPath = /bin/sh;
			shellScript = "\"${SRCROOT}/Pods/Target Support Files/Pods-Insist/Pods-Insist-frameworks.sh\"\n";
			showEnvVarsInLog = 0;
		};
		CE8DED85587B2AB0AB83D0A3 /* [CP] Check Pods Manifest.lock */ = {
			isa = PBXShellScriptBuildPhase;
			buildActionMask = 2147483647;
			files = (
			);
			inputPaths = (
				"${PODS_PODFILE_DIR_PATH}/Podfile.lock",
				"${PODS_ROOT}/Manifest.lock",
			);
			name = "[CP] Check Pods Manifest.lock";
			outputPaths = (
				"$(DERIVED_FILE_DIR)/Pods-Insist-checkManifestLockResult.txt",
			);
			runOnlyForDeploymentPostprocessing = 0;
			shellPath = /bin/sh;
			shellScript = "diff \"${PODS_PODFILE_DIR_PATH}/Podfile.lock\" \"${PODS_ROOT}/Manifest.lock\" > /dev/null\nif [ $? != 0 ] ; then\n    # print error to STDERR\n    echo \"error: The sandbox is not in sync with the Podfile.lock. Run 'pod install' or update your CocoaPods installation.\" >&2\n    exit 1\nfi\n# This output is used by Xcode 'outputs' to avoid re-running this script phase.\necho \"SUCCESS\" > \"${SCRIPT_OUTPUT_FILE_0}\"\n";
			showEnvVarsInLog = 0;
		};
/* End PBXShellScriptBuildPhase section */

/* Begin PBXSourcesBuildPhase section */
		06A477E220AC238800CCBBDD /* Sources */ = {
			isa = PBXSourcesBuildPhase;
			buildActionMask = 2147483647;
			files = (
				06F0CD1D20B951DD00D4F579 /* Record1Controller.swift in Sources */,
				06ACD35820AC7CC300700BFC /* ProfileController.swift in Sources */,
				06A477EC20AC238800CCBBDD /* ViewController.swift in Sources */,
				069C815B20AF233F0085ECE2 /* RegisterController.swift in Sources */,
				06A477F220AC238800CCBBDD /* Insist.xcdatamodeld in Sources */,
				06E7564120ADC958005BAC9E /* FinishController.swift in Sources */,
				06F0CD1F20B966E400D4F579 /* RecordController.swift in Sources */,
				06E7564520ADD031005BAC9E /* User.swift in Sources */,
				06E7564320ADCBCB005BAC9E /* Record.swift in Sources */,
				06A4780920AC2B9B00CCBBDD /* WelcomeController.swift in Sources */,
				0608D20D20AE8B480028F98F /* RunningController.swift in Sources */,
				06A477EA20AC238800CCBBDD /* AppDelegate.swift in Sources */,
				069C815920AF23330085ECE2 /* LoginController.swift in Sources */,
			);
			runOnlyForDeploymentPostprocessing = 0;
		};
/* End PBXSourcesBuildPhase section */

/* Begin PBXVariantGroup section */
		06A477ED20AC238800CCBBDD /* Main.storyboard */ = {
			isa = PBXVariantGroup;
			children = (
				06A477EE20AC238800CCBBDD /* Base */,
			);
			name = Main.storyboard;
			sourceTree = "<group>";
		};
		06A477F520AC238B00CCBBDD /* LaunchScreen.storyboard */ = {
			isa = PBXVariantGroup;
			children = (
				06A477F620AC238B00CCBBDD /* Base */,
			);
			name = LaunchScreen.storyboard;
			sourceTree = "<group>";
		};
/* End PBXVariantGroup section */

/* Begin XCBuildConfiguration section */
		06A477F920AC238B00CCBBDD /* Debug */ = {
			isa = XCBuildConfiguration;
			buildSettings = {
				ALWAYS_SEARCH_USER_PATHS = NO;
				CLANG_ANALYZER_NONNULL = YES;
				CLANG_ANALYZER_NUMBER_OBJECT_CONVERSION = YES_AGGRESSIVE;
				CLANG_CXX_LANGUAGE_STANDARD = "gnu++14";
				CLANG_CXX_LIBRARY = "libc++";
				CLANG_ENABLE_MODULES = YES;
				CLANG_ENABLE_OBJC_ARC = YES;
				CLANG_ENABLE_OBJC_WEAK = YES;
				CLANG_WARN_BLOCK_CAPTURE_AUTORELEASING = YES;
				CLANG_WARN_BOOL_CONVERSION = YES;
				CLANG_WARN_COMMA = YES;
				CLANG_WARN_CONSTANT_CONVERSION = YES;
				CLANG_WARN_DEPRECATED_OBJC_IMPLEMENTATIONS = YES;
				CLANG_WARN_DIRECT_OBJC_ISA_USAGE = YES_ERROR;
				CLANG_WARN_DOCUMENTATION_COMMENTS = YES;
				CLANG_WARN_EMPTY_BODY = YES;
				CLANG_WARN_ENUM_CONVERSION = YES;
				CLANG_WARN_INFINITE_RECURSION = YES;
				CLANG_WARN_INT_CONVERSION = YES;
				CLANG_WARN_NON_LITERAL_NULL_CONVERSION = YES;
				CLANG_WARN_OBJC_IMPLICIT_RETAIN_SELF = YES;
				CLANG_WARN_OBJC_LITERAL_CONVERSION = YES;
				CLANG_WARN_OBJC_ROOT_CLASS = YES_ERROR;
				CLANG_WARN_RANGE_LOOP_ANALYSIS = YES;
				CLANG_WARN_STRICT_PROTOTYPES = YES;
				CLANG_WARN_SUSPICIOUS_MOVE = YES;
				CLANG_WARN_UNGUARDED_AVAILABILITY = YES_AGGRESSIVE;
				CLANG_WARN_UNREACHABLE_CODE = YES;
				CLANG_WARN__DUPLICATE_METHOD_MATCH = YES;
				CODE_SIGN_IDENTITY = "iPhone Developer";
				COPY_PHASE_STRIP = NO;
				DEBUG_INFORMATION_FORMAT = dwarf;
				ENABLE_STRICT_OBJC_MSGSEND = YES;
				ENABLE_TESTABILITY = YES;
				GCC_C_LANGUAGE_STANDARD = gnu11;
				GCC_DYNAMIC_NO_PIC = NO;
				GCC_NO_COMMON_BLOCKS = YES;
				GCC_OPTIMIZATION_LEVEL = 0;
				GCC_PREPROCESSOR_DEFINITIONS = (
					"DEBUG=1",
					"$(inherited)",
				);
				GCC_WARN_64_TO_32_BIT_CONVERSION = YES;
				GCC_WARN_ABOUT_RETURN_TYPE = YES_ERROR;
				GCC_WARN_UNDECLARED_SELECTOR = YES;
				GCC_WARN_UNINITIALIZED_AUTOS = YES_AGGRESSIVE;
				GCC_WARN_UNUSED_FUNCTION = YES;
				GCC_WARN_UNUSED_VARIABLE = YES;
				IPHONEOS_DEPLOYMENT_TARGET = 11.3;
				MTL_ENABLE_DEBUG_INFO = YES;
				ONLY_ACTIVE_ARCH = YES;
				SDKROOT = iphoneos;
				SWIFT_ACTIVE_COMPILATION_CONDITIONS = DEBUG;
				SWIFT_OPTIMIZATION_LEVEL = "-Onone";
			};
			name = Debug;
		};
		06A477FA20AC238B00CCBBDD /* Release */ = {
			isa = XCBuildConfiguration;
			buildSettings = {
				ALWAYS_SEARCH_USER_PATHS = NO;
				CLANG_ANALYZER_NONNULL = YES;
				CLANG_ANALYZER_NUMBER_OBJECT_CONVERSION = YES_AGGRESSIVE;
				CLANG_CXX_LANGUAGE_STANDARD = "gnu++14";
				CLANG_CXX_LIBRARY = "libc++";
				CLANG_ENABLE_MODULES = YES;
				CLANG_ENABLE_OBJC_ARC = YES;
				CLANG_ENABLE_OBJC_WEAK = YES;
				CLANG_WARN_BLOCK_CAPTURE_AUTORELEASING = YES;
				CLANG_WARN_BOOL_CONVERSION = YES;
				CLANG_WARN_COMMA = YES;
				CLANG_WARN_CONSTANT_CONVERSION = YES;
				CLANG_WARN_DEPRECATED_OBJC_IMPLEMENTATIONS = YES;
				CLANG_WARN_DIRECT_OBJC_ISA_USAGE = YES_ERROR;
				CLANG_WARN_DOCUMENTATION_COMMENTS = YES;
				CLANG_WARN_EMPTY_BODY = YES;
				CLANG_WARN_ENUM_CONVERSION = YES;
				CLANG_WARN_INFINITE_RECURSION = YES;
				CLANG_WARN_INT_CONVERSION = YES;
				CLANG_WARN_NON_LITERAL_NULL_CONVERSION = YES;
				CLANG_WARN_OBJC_IMPLICIT_RETAIN_SELF = YES;
				CLANG_WARN_OBJC_LITERAL_CONVERSION = YES;
				CLANG_WARN_OBJC_ROOT_CLASS = YES_ERROR;
				CLANG_WARN_RANGE_LOOP_ANALYSIS = YES;
				CLANG_WARN_STRICT_PROTOTYPES = YES;
				CLANG_WARN_SUSPICIOUS_MOVE = YES;
				CLANG_WARN_UNGUARDED_AVAILABILITY = YES_AGGRESSIVE;
				CLANG_WARN_UNREACHABLE_CODE = YES;
				CLANG_WARN__DUPLICATE_METHOD_MATCH = YES;
				CODE_SIGN_IDENTITY = "iPhone Developer";
				COPY_PHASE_STRIP = NO;
				DEBUG_INFORMATION_FORMAT = "dwarf-with-dsym";
				ENABLE_NS_ASSERTIONS = NO;
				ENABLE_STRICT_OBJC_MSGSEND = YES;
				GCC_C_LANGUAGE_STANDARD = gnu11;
				GCC_NO_COMMON_BLOCKS = YES;
				GCC_WARN_64_TO_32_BIT_CONVERSION = YES;
				GCC_WARN_ABOUT_RETURN_TYPE = YES_ERROR;
				GCC_WARN_UNDECLARED_SELECTOR = YES;
				GCC_WARN_UNINITIALIZED_AUTOS = YES_AGGRESSIVE;
				GCC_WARN_UNUSED_FUNCTION = YES;
				GCC_WARN_UNUSED_VARIABLE = YES;
				IPHONEOS_DEPLOYMENT_TARGET = 11.3;
				MTL_ENABLE_DEBUG_INFO = NO;
				SDKROOT = iphoneos;
				SWIFT_OPTIMIZATION_LEVEL = "-Owholemodule";
				VALIDATE_PRODUCT = YES;
			};
			name = Release;
		};
		06A477FC20AC238B00CCBBDD /* Debug */ = {
			isa = XCBuildConfiguration;
			baseConfigurationReference = 331527403A1CC2CE0EF10CBE /* Pods-Insist.debug.xcconfig */;
			buildSettings = {
				ASSETCATALOG_COMPILER_APPICON_NAME = AppIcon;
				CODE_SIGN_ENTITLEMENTS = Insist/Insist.entitlements;
				CODE_SIGN_STYLE = Automatic;
				DEVELOPMENT_TEAM = H3Z6MKPU9S;
				INFOPLIST_FILE = Insist/Info.plist;
				IPHONEOS_DEPLOYMENT_TARGET = 11.0;
				LD_RUNPATH_SEARCH_PATHS = "$(inherited) @executable_path/Frameworks";
				PRODUCT_BUNDLE_IDENTIFIER = uts.Insist;
				PRODUCT_NAME = "$(TARGET_NAME)";
				SWIFT_VERSION = 4.0;
				TARGETED_DEVICE_FAMILY = "1,2";
			};
			name = Debug;
		};
		06A477FD20AC238B00CCBBDD /* Release */ = {
			isa = XCBuildConfiguration;
			baseConfigurationReference = FC14A12FF4D988720CFEA9F6 /* Pods-Insist.release.xcconfig */;
			buildSettings = {
				ASSETCATALOG_COMPILER_APPICON_NAME = AppIcon;
				CODE_SIGN_ENTITLEMENTS = Insist/Insist.entitlements;
				CODE_SIGN_STYLE = Automatic;
				DEVELOPMENT_TEAM = H3Z6MKPU9S;
				INFOPLIST_FILE = Insist/Info.plist;
				IPHONEOS_DEPLOYMENT_TARGET = 11.0;
				LD_RUNPATH_SEARCH_PATHS = "$(inherited) @executable_path/Frameworks";
				PRODUCT_BUNDLE_IDENTIFIER = uts.Insist;
				PRODUCT_NAME = "$(TARGET_NAME)";
				SWIFT_VERSION = 4.0;
				TARGETED_DEVICE_FAMILY = "1,2";
			};
			name = Release;
		};
/* End XCBuildConfiguration section */

/* Begin XCConfigurationList section */
		06A477E120AC238800CCBBDD /* Build configuration list for PBXProject "Insist" */ = {
			isa = XCConfigurationList;
			buildConfigurations = (
				06A477F920AC238B00CCBBDD /* Debug */,
				06A477FA20AC238B00CCBBDD /* Release */,
			);
			defaultConfigurationIsVisible = 0;
			defaultConfigurationName = Release;
		};
		06A477FB20AC238B00CCBBDD /* Build configuration list for PBXNativeTarget "Insist" */ = {
			isa = XCConfigurationList;
			buildConfigurations = (
				06A477FC20AC238B00CCBBDD /* Debug */,
				06A477FD20AC238B00CCBBDD /* Release */,
			);
			defaultConfigurationIsVisible = 0;
			defaultConfigurationName = Release;
		};
/* End XCConfigurationList section */

/* Begin XCVersionGroup section */
		06A477F020AC238800CCBBDD /* Insist.xcdatamodeld */ = {
			isa = XCVersionGroup;
			children = (
				06A477F120AC238800CCBBDD /* Insist.xcdatamodel */,
			);
			currentVersion = 06A477F120AC238800CCBBDD /* Insist.xcdatamodel */;
			path = Insist.xcdatamodeld;
			sourceTree = "<group>";
			versionGroupType = wrapper.xcdatamodel;
		};
/* End XCVersionGroup section */
	};
	rootObject = 06A477DE20AC238800CCBBDD /* Project object */;
}
