// !$*UTF8*$!
{
	archiveVersion = 1;
	classes = {
	};
	objectVersion = 48;
	objects = {

/* Begin PBXBuildFile section */
		06828ED220AAAA9500CB8D26 /* AppDelegate.swift in Sources */ = {isa = PBXBuildFile; fileRef = 06828ED120AAAA9500CB8D26 /* AppDelegate.swift */; };
		06828ED420AAAA9500CB8D26 /* ViewController.swift in Sources */ = {isa = PBXBuildFile; fileRef = 06828ED320AAAA9500CB8D26 /* ViewController.swift */; };
		06828ED720AAAA9500CB8D26 /* Main.storyboard in Resources */ = {isa = PBXBuildFile; fileRef = 06828ED520AAAA9500CB8D26 /* Main.storyboard */; };
		06828EDA20AAAA9500CB8D26 /* Insist_Group_52_.xcdatamodeld in Sources */ = {isa = PBXBuildFile; fileRef = 06828ED820AAAA9500CB8D26 /* Insist_Group_52_.xcdatamodeld */; };
		06828EDC20AAAA9600CB8D26 /* Assets.xcassets in Resources */ = {isa = PBXBuildFile; fileRef = 06828EDB20AAAA9600CB8D26 /* Assets.xcassets */; };
		06828EDF20AAAA9600CB8D26 /* LaunchScreen.storyboard in Resources */ = {isa = PBXBuildFile; fileRef = 06828EDD20AAAA9600CB8D26 /* LaunchScreen.storyboard */; };
/* End PBXBuildFile section */

/* Begin PBXFileReference section */
		06828ECE20AAAA9500CB8D26 /* Insist(Group 52).app */ = {isa = PBXFileReference; explicitFileType = wrapper.application; includeInIndex = 0; path = "Insist(Group 52).app"; sourceTree = BUILT_PRODUCTS_DIR; };
		06828ED120AAAA9500CB8D26 /* AppDelegate.swift */ = {isa = PBXFileReference; lastKnownFileType = sourcecode.swift; path = AppDelegate.swift; sourceTree = "<group>"; };
		06828ED320AAAA9500CB8D26 /* ViewController.swift */ = {isa = PBXFileReference; lastKnownFileType = sourcecode.swift; path = ViewController.swift; sourceTree = "<group>"; };
		06828ED620AAAA9500CB8D26 /* Base */ = {isa = PBXFileReference; lastKnownFileType = file.storyboard; name = Base; path = Base.lproj/Main.storyboard; sourceTree = "<group>"; };
		06828ED920AAAA9500CB8D26 /* Insist_Group_52_.xcdatamodel */ = {isa = PBXFileReference; lastKnownFileType = wrapper.xcdatamodel; path = Insist_Group_52_.xcdatamodel; sourceTree = "<group>"; };
		06828EDB20AAAA9600CB8D26 /* Assets.xcassets */ = {isa = PBXFileReference; lastKnownFileType = folder.assetcatalog; path = Assets.xcassets; sourceTree = "<group>"; };
		06828EDE20AAAA9600CB8D26 /* Base */ = {isa = PBXFileReference; lastKnownFileType = file.storyboard; name = Base; path = Base.lproj/LaunchScreen.storyboard; sourceTree = "<group>"; };
		06828EE020AAAA9600CB8D26 /* Info.plist */ = {isa = PBXFileReference; lastKnownFileType = text.plist.xml; path = Info.plist; sourceTree = "<group>"; };
/* End PBXFileReference section */

/* Begin PBXFrameworksBuildPhase section */
		06828ECB20AAAA9400CB8D26 /* Frameworks */ = {
			isa = PBXFrameworksBuildPhase;
			buildActionMask = 2147483647;
			files = (
			);
			runOnlyForDeploymentPostprocessing = 0;
		};
/* End PBXFrameworksBuildPhase section */

/* Begin PBXGroup section */
		06828EC520AAAA9400CB8D26 = {
			isa = PBXGroup;
			children = (
				06828ED020AAAA9500CB8D26 /* Insist(Group 52) */,
				06828ECF20AAAA9500CB8D26 /* Products */,
			);
			sourceTree = "<group>";
		};
		06828ECF20AAAA9500CB8D26 /* Products */ = {
			isa = PBXGroup;
			children = (
				06828ECE20AAAA9500CB8D26 /* Insist(Group 52).app */,
			);
			name = Products;
			sourceTree = "<group>";
		};
		06828ED020AAAA9500CB8D26 /* Insist(Group 52) */ = {
			isa = PBXGroup;
			children = (
				06828ED120AAAA9500CB8D26 /* AppDelegate.swift */,
				06828ED320AAAA9500CB8D26 /* ViewController.swift */,
				06828ED520AAAA9500CB8D26 /* Main.storyboard */,
				06828EDB20AAAA9600CB8D26 /* Assets.xcassets */,
				06828EDD20AAAA9600CB8D26 /* LaunchScreen.storyboard */,
				06828EE020AAAA9600CB8D26 /* Info.plist */,
				06828ED820AAAA9500CB8D26 /* Insist_Group_52_.xcdatamodeld */,
			);
			path = "Insist(Group 52)";
			sourceTree = "<group>";
		};
/* End PBXGroup section */

/* Begin PBXNativeTarget section */
		06828ECD20AAAA9400CB8D26 /* Insist(Group 52) */ = {
			isa = PBXNativeTarget;
			buildConfigurationList = 06828EE320AAAA9600CB8D26 /* Build configuration list for PBXNativeTarget "Insist(Group 52)" */;
			buildPhases = (
				06828ECA20AAAA9400CB8D26 /* Sources */,
				06828ECB20AAAA9400CB8D26 /* Frameworks */,
				06828ECC20AAAA9400CB8D26 /* Resources */,
			);
			buildRules = (
			);
			dependencies = (
			);
			name = "Insist(Group 52)";
			productName = "Insist(Group 52)";
			productReference = 06828ECE20AAAA9500CB8D26 /* Insist(Group 52).app */;
			productType = "com.apple.product-type.application";
		};
/* End PBXNativeTarget section */

/* Begin PBXProject section */
		06828EC620AAAA9400CB8D26 /* Project object */ = {
			isa = PBXProject;
			attributes = {
				LastSwiftUpdateCheck = 0930;
				LastUpgradeCheck = 0930;
				ORGANIZATIONNAME = "Shiwei Lin";
				TargetAttributes = {
					06828ECD20AAAA9400CB8D26 = {
						CreatedOnToolsVersion = 9.3.1;
						ProvisioningStyle = Automatic;
					};
				};
			};
			buildConfigurationList = 06828EC920AAAA9400CB8D26 /* Build configuration list for PBXProject "Insist(Group 52)" */;
			compatibilityVersion = "Xcode 8.0";
			developmentRegion = en;
			hasScannedForEncodings = 0;
			knownRegions = (
				en,
				Base,
			);
			mainGroup = 06828EC520AAAA9400CB8D26;
			productRefGroup = 06828ECF20AAAA9500CB8D26 /* Products */;
			projectDirPath = "";
			projectRoot = "";
			targets = (
				06828ECD20AAAA9400CB8D26 /* Insist(Group 52) */,
			);
		};
/* End PBXProject section */

/* Begin PBXResourcesBuildPhase section */
		06828ECC20AAAA9400CB8D26 /* Resources */ = {
			isa = PBXResourcesBuildPhase;
			buildActionMask = 2147483647;
			files = (
				06828EDF20AAAA9600CB8D26 /* LaunchScreen.storyboard in Resources */,
				06828EDC20AAAA9600CB8D26 /* Assets.xcassets in Resources */,
				06828ED720AAAA9500CB8D26 /* Main.storyboard in Resources */,
			);
			runOnlyForDeploymentPostprocessing = 0;
		};
/* End PBXResourcesBuildPhase section */

/* Begin PBXSourcesBuildPhase section */
		06828ECA20AAAA9400CB8D26 /* Sources */ = {
			isa = PBXSourcesBuildPhase;
			buildActionMask = 2147483647;
			files = (
				06828EDA20AAAA9500CB8D26 /* Insist_Group_52_.xcdatamodeld in Sources */,
				06828ED420AAAA9500CB8D26 /* ViewController.swift in Sources */,
				06828ED220AAAA9500CB8D26 /* AppDelegate.swift in Sources */,
			);
			runOnlyForDeploymentPostprocessing = 0;
		};
/* End PBXSourcesBuildPhase section */

/* Begin PBXVariantGroup section */
		06828ED520AAAA9500CB8D26 /* Main.storyboard */ = {
			isa = PBXVariantGroup;
			children = (
				06828ED620AAAA9500CB8D26 /* Base */,
			);
			name = Main.storyboard;
			sourceTree = "<group>";
		};
		06828EDD20AAAA9600CB8D26 /* LaunchScreen.storyboard */ = {
			isa = PBXVariantGroup;
			children = (
				06828EDE20AAAA9600CB8D26 /* Base */,
			);
			name = LaunchScreen.storyboard;
			sourceTree = "<group>";
		};
/* End PBXVariantGroup section */

/* Begin XCBuildConfiguration section */
		06828EE120AAAA9600CB8D26 /* Debug */ = {
			isa = XCBuildConfiguration;
			buildSettings = {
				ALWAYS_SEARCH_USER_PATHS = NO;
				CLANG_ANALYZER_NONNULL = YES;
				CLANG_ANALYZER_NUMBER_OBJECT_CONVERSION = YES_AGGRESSIVE;
				CLANG_CXX_LANGUAGE_STANDARD = "gnu++14";
				CLANG_CXX_LIBRARY = "libc++";
				CLANG_ENABLE_MODULES = YES;
				CLANG_ENABLE_OBJC_ARC = YES;
				CLANG_ENABLE_OBJC_WEAK = YES;
				CLANG_WARN_BLOCK_CAPTURE_AUTORELEASING = YES;
				CLANG_WARN_BOOL_CONVERSION = YES;
				CLANG_WARN_COMMA = YES;
				CLANG_WARN_CONSTANT_CONVERSION = YES;
				CLANG_WARN_DEPRECATED_OBJC_IMPLEMENTATIONS = YES;
				CLANG_WARN_DIRECT_OBJC_ISA_USAGE = YES_ERROR;
				CLANG_WARN_DOCUMENTATION_COMMENTS = YES;
				CLANG_WARN_EMPTY_BODY = YES;
				CLANG_WARN_ENUM_CONVERSION = YES;
				CLANG_WARN_INFINITE_RECURSION = YES;
				CLANG_WARN_INT_CONVERSION = YES;
				CLANG_WARN_NON_LITERAL_NULL_CONVERSION = YES;
				CLANG_WARN_OBJC_IMPLICIT_RETAIN_SELF = YES;
				CLANG_WARN_OBJC_LITERAL_CONVERSION = YES;
				CLANG_WARN_OBJC_ROOT_CLASS = YES_ERROR;
				CLANG_WARN_RANGE_LOOP_ANALYSIS = YES;
				CLANG_WARN_STRICT_PROTOTYPES = YES;
				CLANG_WARN_SUSPICIOUS_MOVE = YES;
				CLANG_WARN_UNGUARDED_AVAILABILITY = YES_AGGRESSIVE;
				CLANG_WARN_UNREACHABLE_CODE = YES;
				CLANG_WARN__DUPLICATE_METHOD_MATCH = YES;
				CODE_SIGN_IDENTITY = "iPhone Developer";
				COPY_PHASE_STRIP = NO;
				DEBUG_INFORMATION_FORMAT = dwarf;
				ENABLE_STRICT_OBJC_MSGSEND = YES;
				ENABLE_TESTABILITY = YES;
				GCC_C_LANGUAGE_STANDARD = gnu11;
				GCC_DYNAMIC_NO_PIC = NO;
				GCC_NO_COMMON_BLOCKS = YES;
				GCC_OPTIMIZATION_LEVEL = 0;
				GCC_PREPROCESSOR_DEFINITIONS = (
					"DEBUG=1",
					"$(inherited)",
				);
				GCC_WARN_64_TO_32_BIT_CONVERSION = YES;
				GCC_WARN_ABOUT_RETURN_TYPE = YES_ERROR;
				GCC_WARN_UNDECLARED_SELECTOR = YES;
				GCC_WARN_UNINITIALIZED_AUTOS = YES_AGGRESSIVE;
				GCC_WARN_UNUSED_FUNCTION = YES;
				GCC_WARN_UNUSED_VARIABLE = YES;
				IPHONEOS_DEPLOYMENT_TARGET = 11.3;
				MTL_ENABLE_DEBUG_INFO = YES;
				ONLY_ACTIVE_ARCH = YES;
				SDKROOT = iphoneos;
				SWIFT_ACTIVE_COMPILATION_CONDITIONS = DEBUG;
				SWIFT_OPTIMIZATION_LEVEL = "-Onone";
			};
			name = Debug;
		};
		06828EE220AAAA9600CB8D26 /* Release */ = {
			isa = XCBuildConfiguration;
			buildSettings = {
				ALWAYS_SEARCH_USER_PATHS = NO;
				CLANG_ANALYZER_NONNULL = YES;
				CLANG_ANALYZER_NUMBER_OBJECT_CONVERSION = YES_AGGRESSIVE;
				CLANG_CXX_LANGUAGE_STANDARD = "gnu++14";
				CLANG_CXX_LIBRARY = "libc++";
				CLANG_ENABLE_MODULES = YES;
				CLANG_ENABLE_OBJC_ARC = YES;
				CLANG_ENABLE_OBJC_WEAK = YES;
				CLANG_WARN_BLOCK_CAPTURE_AUTORELEASING = YES;
				CLANG_WARN_BOOL_CONVERSION = YES;
				CLANG_WARN_COMMA = YES;
				CLANG_WARN_CONSTANT_CONVERSION = YES;
				CLANG_WARN_DEPRECATED_OBJC_IMPLEMENTATIONS = YES;
				CLANG_WARN_DIRECT_OBJC_ISA_USAGE = YES_ERROR;
				CLANG_WARN_DOCUMENTATION_COMMENTS = YES;
				CLANG_WARN_EMPTY_BODY = YES;
				CLANG_WARN_ENUM_CONVERSION = YES;
				CLANG_WARN_INFINITE_RECURSION = YES;
				CLANG_WARN_INT_CONVERSION = YES;
				CLANG_WARN_NON_LITERAL_NULL_CONVERSION = YES;
				CLANG_WARN_OBJC_IMPLICIT_RETAIN_SELF = YES;
				CLANG_WARN_OBJC_LITERAL_CONVERSION = YES;
				CLANG_WARN_OBJC_ROOT_CLASS = YES_ERROR;
				CLANG_WARN_RANGE_LOOP_ANALYSIS = YES;
				CLANG_WARN_STRICT_PROTOTYPES = YES;
				CLANG_WARN_SUSPICIOUS_MOVE = YES;
				CLANG_WARN_UNGUARDED_AVAILABILITY = YES_AGGRESSIVE;
				CLANG_WARN_UNREACHABLE_CODE = YES;
				CLANG_WARN__DUPLICATE_METHOD_MATCH = YES;
				CODE_SIGN_IDENTITY = "iPhone Developer";
				COPY_PHASE_STRIP = NO;
				DEBUG_INFORMATION_FORMAT = "dwarf-with-dsym";
				ENABLE_NS_ASSERTIONS = NO;
				ENABLE_STRICT_OBJC_MSGSEND = YES;
				GCC_C_LANGUAGE_STANDARD = gnu11;
				GCC_NO_COMMON_BLOCKS = YES;
				GCC_WARN_64_TO_32_BIT_CONVERSION = YES;
				GCC_WARN_ABOUT_RETURN_TYPE = YES_ERROR;
				GCC_WARN_UNDECLARED_SELECTOR = YES;
				GCC_WARN_UNINITIALIZED_AUTOS = YES_AGGRESSIVE;
				GCC_WARN_UNUSED_FUNCTION = YES;
				GCC_WARN_UNUSED_VARIABLE = YES;
				IPHONEOS_DEPLOYMENT_TARGET = 11.3;
				MTL_ENABLE_DEBUG_INFO = NO;
				SDKROOT = iphoneos;
				SWIFT_OPTIMIZATION_LEVEL = "-Owholemodule";
				VALIDATE_PRODUCT = YES;
			};
			name = Release;
		};
		06828EE420AAAA9600CB8D26 /* Debug */ = {
			isa = XCBuildConfiguration;
			buildSettings = {
				ASSETCATALOG_COMPILER_APPICON_NAME = AppIcon;
				CODE_SIGN_STYLE = Automatic;
				DEVELOPMENT_TEAM = H3Z6MKPU9S;
				INFOPLIST_FILE = "Insist(Group 52)/Info.plist";
				IPHONEOS_DEPLOYMENT_TARGET = 11.0;
				LD_RUNPATH_SEARCH_PATHS = "$(inherited) @executable_path/Frameworks";
				PRODUCT_BUNDLE_IDENTIFIER = "uts.shiweilin.Insist-Group-52-";
				PRODUCT_NAME = "$(TARGET_NAME)";
				SWIFT_VERSION = 4.0;
				TARGETED_DEVICE_FAMILY = "1,2";
			};
			name = Debug;
		};
		06828EE520AAAA9600CB8D26 /* Release */ = {
			isa = XCBuildConfiguration;
			buildSettings = {
				ASSETCATALOG_COMPILER_APPICON_NAME = AppIcon;
				CODE_SIGN_STYLE = Automatic;
				DEVELOPMENT_TEAM = H3Z6MKPU9S;
				INFOPLIST_FILE = "Insist(Group 52)/Info.plist";
				IPHONEOS_DEPLOYMENT_TARGET = 11.0;
				LD_RUNPATH_SEARCH_PATHS = "$(inherited) @executable_path/Frameworks";
				PRODUCT_BUNDLE_IDENTIFIER = "uts.shiweilin.Insist-Group-52-";
				PRODUCT_NAME = "$(TARGET_NAME)";
				SWIFT_VERSION = 4.0;
				TARGETED_DEVICE_FAMILY = "1,2";
			};
			name = Release;
		};
/* End XCBuildConfiguration section */

/* Begin XCConfigurationList section */
		06828EC920AAAA9400CB8D26 /* Build configuration list for PBXProject "Insist(Group 52)" */ = {
			isa = XCConfigurationList;
			buildConfigurations = (
				06828EE120AAAA9600CB8D26 /* Debug */,
				06828EE220AAAA9600CB8D26 /* Release */,
			);
			defaultConfigurationIsVisible = 0;
			defaultConfigurationName = Release;
		};
		06828EE320AAAA9600CB8D26 /* Build configuration list for PBXNativeTarget "Insist(Group 52)" */ = {
			isa = XCConfigurationList;
			buildConfigurations = (
				06828EE420AAAA9600CB8D26 /* Debug */,
				06828EE520AAAA9600CB8D26 /* Release */,
			);
			defaultConfigurationIsVisible = 0;
			defaultConfigurationName = Release;
		};
/* End XCConfigurationList section */

/* Begin XCVersionGroup section */
		06828ED820AAAA9500CB8D26 /* Insist_Group_52_.xcdatamodeld */ = {
			isa = XCVersionGroup;
			children = (
				06828ED920AAAA9500CB8D26 /* Insist_Group_52_.xcdatamodel */,
			);
			currentVersion = 06828ED920AAAA9500CB8D26 /* Insist_Group_52_.xcdatamodel */;
			path = Insist_Group_52_.xcdatamodeld;
			sourceTree = "<group>";
			versionGroupType = wrapper.xcdatamodel;
		};
/* End XCVersionGroup section */
	};
	rootObject = 06828EC620AAAA9400CB8D26 /* Project object */;
}
