// !$*UTF8*$!
{
	archiveVersion = 1;
	classes = {
	};
	objectVersion = 48;
	objects = {

/* Begin PBXBuildFile section */
		5E2FE0DF20AAA9CB0030B515 /* AppDelegate.swift in Sources */ = {isa = PBXBuildFile; fileRef = 5E2FE0DE20AAA9CB0030B515 /* AppDelegate.swift */; };
		5E2FE0E120AAA9CB0030B515 /* ViewController.swift in Sources */ = {isa = PBXBuildFile; fileRef = 5E2FE0E020AAA9CB0030B515 /* ViewController.swift */; };
		5E2FE0E420AAA9CB0030B515 /* Main.storyboard in Resources */ = {isa = PBXBuildFile; fileRef = 5E2FE0E220AAA9CB0030B515 /* Main.storyboard */; };
		5E2FE0E720AAA9CB0030B515 /* INSIST__GROUP52_.xcdatamodeld in Sources */ = {isa = PBXBuildFile; fileRef = 5E2FE0E520AAA9CB0030B515 /* INSIST__GROUP52_.xcdatamodeld */; };
		5E2FE0E920AAA9CB0030B515 /* Assets.xcassets in Resources */ = {isa = PBXBuildFile; fileRef = 5E2FE0E820AAA9CB0030B515 /* Assets.xcassets */; };
		5E2FE0EC20AAA9CB0030B515 /* LaunchScreen.storyboard in Resources */ = {isa = PBXBuildFile; fileRef = 5E2FE0EA20AAA9CB0030B515 /* LaunchScreen.storyboard */; };
/* End PBXBuildFile section */

/* Begin PBXFileReference section */
		5E2FE0DB20AAA9CB0030B515 /* INSIST (GROUP52).app */ = {isa = PBXFileReference; explicitFileType = wrapper.application; includeInIndex = 0; path = "INSIST (GROUP52).app"; sourceTree = BUILT_PRODUCTS_DIR; };
		5E2FE0DE20AAA9CB0030B515 /* AppDelegate.swift */ = {isa = PBXFileReference; lastKnownFileType = sourcecode.swift; path = AppDelegate.swift; sourceTree = "<group>"; };
		5E2FE0E020AAA9CB0030B515 /* ViewController.swift */ = {isa = PBXFileReference; lastKnownFileType = sourcecode.swift; path = ViewController.swift; sourceTree = "<group>"; };
		5E2FE0E320AAA9CB0030B515 /* Base */ = {isa = PBXFileReference; lastKnownFileType = file.storyboard; name = Base; path = Base.lproj/Main.storyboard; sourceTree = "<group>"; };
		5E2FE0E620AAA9CB0030B515 /* INSIST__GROUP52_.xcdatamodel */ = {isa = PBXFileReference; lastKnownFileType = wrapper.xcdatamodel; path = INSIST__GROUP52_.xcdatamodel; sourceTree = "<group>"; };
		5E2FE0E820AAA9CB0030B515 /* Assets.xcassets */ = {isa = PBXFileReference; lastKnownFileType = folder.assetcatalog; path = Assets.xcassets; sourceTree = "<group>"; };
		5E2FE0EB20AAA9CB0030B515 /* Base */ = {isa = PBXFileReference; lastKnownFileType = file.storyboard; name = Base; path = Base.lproj/LaunchScreen.storyboard; sourceTree = "<group>"; };
		5E2FE0ED20AAA9CB0030B515 /* Info.plist */ = {isa = PBXFileReference; lastKnownFileType = text.plist.xml; path = Info.plist; sourceTree = "<group>"; };
/* End PBXFileReference section */

/* Begin PBXFrameworksBuildPhase section */
		5E2FE0D820AAA9CB0030B515 /* Frameworks */ = {
			isa = PBXFrameworksBuildPhase;
			buildActionMask = 2147483647;
			files = (
			);
			runOnlyForDeploymentPostprocessing = 0;
		};
/* End PBXFrameworksBuildPhase section */

/* Begin PBXGroup section */
		5E2FE0D220AAA9CB0030B515 = {
			isa = PBXGroup;
			children = (
				5E2FE0DD20AAA9CB0030B515 /* INSIST (GROUP52) */,
				5E2FE0DC20AAA9CB0030B515 /* Products */,
			);
			sourceTree = "<group>";
		};
		5E2FE0DC20AAA9CB0030B515 /* Products */ = {
			isa = PBXGroup;
			children = (
				5E2FE0DB20AAA9CB0030B515 /* INSIST (GROUP52).app */,
			);
			name = Products;
			sourceTree = "<group>";
		};
		5E2FE0DD20AAA9CB0030B515 /* INSIST (GROUP52) */ = {
			isa = PBXGroup;
			children = (
				5E2FE0DE20AAA9CB0030B515 /* AppDelegate.swift */,
				5E2FE0E020AAA9CB0030B515 /* ViewController.swift */,
				5E2FE0E220AAA9CB0030B515 /* Main.storyboard */,
				5E2FE0E820AAA9CB0030B515 /* Assets.xcassets */,
				5E2FE0EA20AAA9CB0030B515 /* LaunchScreen.storyboard */,
				5E2FE0ED20AAA9CB0030B515 /* Info.plist */,
				5E2FE0E520AAA9CB0030B515 /* INSIST__GROUP52_.xcdatamodeld */,
			);
			path = "INSIST (GROUP52)";
			sourceTree = "<group>";
		};
/* End PBXGroup section */

/* Begin PBXNativeTarget section */
		5E2FE0DA20AAA9CB0030B515 /* INSIST (GROUP52) */ = {
			isa = PBXNativeTarget;
			buildConfigurationList = 5E2FE0F020AAA9CB0030B515 /* Build configuration list for PBXNativeTarget "INSIST (GROUP52)" */;
			buildPhases = (
				5E2FE0D720AAA9CB0030B515 /* Sources */,
				5E2FE0D820AAA9CB0030B515 /* Frameworks */,
				5E2FE0D920AAA9CB0030B515 /* Resources */,
			);
			buildRules = (
			);
			dependencies = (
			);
			name = "INSIST (GROUP52)";
			productName = "INSIST (GROUP52)";
			productReference = 5E2FE0DB20AAA9CB0030B515 /* INSIST (GROUP52).app */;
			productType = "com.apple.product-type.application";
		};
/* End PBXNativeTarget section */

/* Begin PBXProject section */
		5E2FE0D320AAA9CB0030B515 /* Project object */ = {
			isa = PBXProject;
			attributes = {
				LastSwiftUpdateCheck = 0920;
				LastUpgradeCheck = 0920;
				ORGANIZATIONNAME = "Renwei Liu";
				TargetAttributes = {
					5E2FE0DA20AAA9CB0030B515 = {
						CreatedOnToolsVersion = 9.2;
						ProvisioningStyle = Automatic;
					};
				};
			};
			buildConfigurationList = 5E2FE0D620AAA9CB0030B515 /* Build configuration list for PBXProject "INSIST (GROUP52)" */;
			compatibilityVersion = "Xcode 8.0";
			developmentRegion = en;
			hasScannedForEncodings = 0;
			knownRegions = (
				en,
				Base,
			);
			mainGroup = 5E2FE0D220AAA9CB0030B515;
			productRefGroup = 5E2FE0DC20AAA9CB0030B515 /* Products */;
			projectDirPath = "";
			projectRoot = "";
			targets = (
				5E2FE0DA20AAA9CB0030B515 /* INSIST (GROUP52) */,
			);
		};
/* End PBXProject section */

/* Begin PBXResourcesBuildPhase section */
		5E2FE0D920AAA9CB0030B515 /* Resources */ = {
			isa = PBXResourcesBuildPhase;
			buildActionMask = 2147483647;
			files = (
				5E2FE0EC20AAA9CB0030B515 /* LaunchScreen.storyboard in Resources */,
				5E2FE0E920AAA9CB0030B515 /* Assets.xcassets in Resources */,
				5E2FE0E420AAA9CB0030B515 /* Main.storyboard in Resources */,
			);
			runOnlyForDeploymentPostprocessing = 0;
		};
/* End PBXResourcesBuildPhase section */

/* Begin PBXSourcesBuildPhase section */
		5E2FE0D720AAA9CB0030B515 /* Sources */ = {
			isa = PBXSourcesBuildPhase;
			buildActionMask = 2147483647;
			files = (
				5E2FE0E720AAA9CB0030B515 /* INSIST__GROUP52_.xcdatamodeld in Sources */,
				5E2FE0E120AAA9CB0030B515 /* ViewController.swift in Sources */,
				5E2FE0DF20AAA9CB0030B515 /* AppDelegate.swift in Sources */,
			);
			runOnlyForDeploymentPostprocessing = 0;
		};
/* End PBXSourcesBuildPhase section */

/* Begin PBXVariantGroup section */
		5E2FE0E220AAA9CB0030B515 /* Main.storyboard */ = {
			isa = PBXVariantGroup;
			children = (
				5E2FE0E320AAA9CB0030B515 /* Base */,
			);
			name = Main.storyboard;
			sourceTree = "<group>";
		};
		5E2FE0EA20AAA9CB0030B515 /* LaunchScreen.storyboard */ = {
			isa = PBXVariantGroup;
			children = (
				5E2FE0EB20AAA9CB0030B515 /* Base */,
			);
			name = LaunchScreen.storyboard;
			sourceTree = "<group>";
		};
/* End PBXVariantGroup section */

/* Begin XCBuildConfiguration section */
		5E2FE0EE20AAA9CB0030B515 /* Debug */ = {
			isa = XCBuildConfiguration;
			buildSettings = {
				ALWAYS_SEARCH_USER_PATHS = NO;
				CLANG_ANALYZER_NONNULL = YES;
				CLANG_ANALYZER_NUMBER_OBJECT_CONVERSION = YES_AGGRESSIVE;
				CLANG_CXX_LANGUAGE_STANDARD = "gnu++14";
				CLANG_CXX_LIBRARY = "libc++";
				CLANG_ENABLE_MODULES = YES;
				CLANG_ENABLE_OBJC_ARC = YES;
				CLANG_WARN_BLOCK_CAPTURE_AUTORELEASING = YES;
				CLANG_WARN_BOOL_CONVERSION = YES;
				CLANG_WARN_COMMA = YES;
				CLANG_WARN_CONSTANT_CONVERSION = YES;
				CLANG_WARN_DIRECT_OBJC_ISA_USAGE = YES_ERROR;
				CLANG_WARN_DOCUMENTATION_COMMENTS = YES;
				CLANG_WARN_EMPTY_BODY = YES;
				CLANG_WARN_ENUM_CONVERSION = YES;
				CLANG_WARN_INFINITE_RECURSION = YES;
				CLANG_WARN_INT_CONVERSION = YES;
				CLANG_WARN_NON_LITERAL_NULL_CONVERSION = YES;
				CLANG_WARN_OBJC_LITERAL_CONVERSION = YES;
				CLANG_WARN_OBJC_ROOT_CLASS = YES_ERROR;
				CLANG_WARN_RANGE_LOOP_ANALYSIS = YES;
				CLANG_WARN_STRICT_PROTOTYPES = YES;
				CLANG_WARN_SUSPICIOUS_MOVE = YES;
				CLANG_WARN_UNGUARDED_AVAILABILITY = YES_AGGRESSIVE;
				CLANG_WARN_UNREACHABLE_CODE = YES;
				CLANG_WARN__DUPLICATE_METHOD_MATCH = YES;
				CODE_SIGN_IDENTITY = "iPhone Developer";
				COPY_PHASE_STRIP = NO;
				DEBUG_INFORMATION_FORMAT = dwarf;
				ENABLE_STRICT_OBJC_MSGSEND = YES;
				ENABLE_TESTABILITY = YES;
				GCC_C_LANGUAGE_STANDARD = gnu11;
				GCC_DYNAMIC_NO_PIC = NO;
				GCC_NO_COMMON_BLOCKS = YES;
				GCC_OPTIMIZATION_LEVEL = 0;
				GCC_PREPROCESSOR_DEFINITIONS = (
					"DEBUG=1",
					"$(inherited)",
				);
				GCC_WARN_64_TO_32_BIT_CONVERSION = YES;
				GCC_WARN_ABOUT_RETURN_TYPE = YES_ERROR;
				GCC_WARN_UNDECLARED_SELECTOR = YES;
				GCC_WARN_UNINITIALIZED_AUTOS = YES_AGGRESSIVE;
				GCC_WARN_UNUSED_FUNCTION = YES;
				GCC_WARN_UNUSED_VARIABLE = YES;
				IPHONEOS_DEPLOYMENT_TARGET = 11.2;
				MTL_ENABLE_DEBUG_INFO = YES;
				ONLY_ACTIVE_ARCH = YES;
				SDKROOT = iphoneos;
				SWIFT_ACTIVE_COMPILATION_CONDITIONS = DEBUG;
				SWIFT_OPTIMIZATION_LEVEL = "-Onone";
			};
			name = Debug;
		};
		5E2FE0EF20AAA9CB0030B515 /* Release */ = {
			isa = XCBuildConfiguration;
			buildSettings = {
				ALWAYS_SEARCH_USER_PATHS = NO;
				CLANG_ANALYZER_NONNULL = YES;
				CLANG_ANALYZER_NUMBER_OBJECT_CONVERSION = YES_AGGRESSIVE;
				CLANG_CXX_LANGUAGE_STANDARD = "gnu++14";
				CLANG_CXX_LIBRARY = "libc++";
				CLANG_ENABLE_MODULES = YES;
				CLANG_ENABLE_OBJC_ARC = YES;
				CLANG_WARN_BLOCK_CAPTURE_AUTORELEASING = YES;
				CLANG_WARN_BOOL_CONVERSION = YES;
				CLANG_WARN_COMMA = YES;
				CLANG_WARN_CONSTANT_CONVERSION = YES;
				CLANG_WARN_DIRECT_OBJC_ISA_USAGE = YES_ERROR;
				CLANG_WARN_DOCUMENTATION_COMMENTS = YES;
				CLANG_WARN_EMPTY_BODY = YES;
				CLANG_WARN_ENUM_CONVERSION = YES;
				CLANG_WARN_INFINITE_RECURSION = YES;
				CLANG_WARN_INT_CONVERSION = YES;
				CLANG_WARN_NON_LITERAL_NULL_CONVERSION = YES;
				CLANG_WARN_OBJC_LITERAL_CONVERSION = YES;
				CLANG_WARN_OBJC_ROOT_CLASS = YES_ERROR;
				CLANG_WARN_RANGE_LOOP_ANALYSIS = YES;
				CLANG_WARN_STRICT_PROTOTYPES = YES;
				CLANG_WARN_SUSPICIOUS_MOVE = YES;
				CLANG_WARN_UNGUARDED_AVAILABILITY = YES_AGGRESSIVE;
				CLANG_WARN_UNREACHABLE_CODE = YES;
				CLANG_WARN__DUPLICATE_METHOD_MATCH = YES;
				CODE_SIGN_IDENTITY = "iPhone Developer";
				COPY_PHASE_STRIP = NO;
				DEBUG_INFORMATION_FORMAT = "dwarf-with-dsym";
				ENABLE_NS_ASSERTIONS = NO;
				ENABLE_STRICT_OBJC_MSGSEND = YES;
				GCC_C_LANGUAGE_STANDARD = gnu11;
				GCC_NO_COMMON_BLOCKS = YES;
				GCC_WARN_64_TO_32_BIT_CONVERSION = YES;
				GCC_WARN_ABOUT_RETURN_TYPE = YES_ERROR;
				GCC_WARN_UNDECLARED_SELECTOR = YES;
				GCC_WARN_UNINITIALIZED_AUTOS = YES_AGGRESSIVE;
				GCC_WARN_UNUSED_FUNCTION = YES;
				GCC_WARN_UNUSED_VARIABLE = YES;
				IPHONEOS_DEPLOYMENT_TARGET = 11.2;
				MTL_ENABLE_DEBUG_INFO = NO;
				SDKROOT = iphoneos;
				SWIFT_OPTIMIZATION_LEVEL = "-Owholemodule";
				VALIDATE_PRODUCT = YES;
			};
			name = Release;
		};
		5E2FE0F120AAA9CB0030B515 /* Debug */ = {
			isa = XCBuildConfiguration;
			buildSettings = {
				ASSETCATALOG_COMPILER_APPICON_NAME = AppIcon;
				CODE_SIGN_STYLE = Automatic;
				INFOPLIST_FILE = "INSIST (GROUP52)/Info.plist";
				LD_RUNPATH_SEARCH_PATHS = "$(inherited) @executable_path/Frameworks";
				PRODUCT_BUNDLE_IDENTIFIER = "UTS.INSIST--GROUP52-";
				PRODUCT_NAME = "$(TARGET_NAME)";
				SWIFT_VERSION = 4.0;
				TARGETED_DEVICE_FAMILY = "1,2";
			};
			name = Debug;
		};
		5E2FE0F220AAA9CB0030B515 /* Release */ = {
			isa = XCBuildConfiguration;
			buildSettings = {
				ASSETCATALOG_COMPILER_APPICON_NAME = AppIcon;
				CODE_SIGN_STYLE = Automatic;
				INFOPLIST_FILE = "INSIST (GROUP52)/Info.plist";
				LD_RUNPATH_SEARCH_PATHS = "$(inherited) @executable_path/Frameworks";
				PRODUCT_BUNDLE_IDENTIFIER = "UTS.INSIST--GROUP52-";
				PRODUCT_NAME = "$(TARGET_NAME)";
				SWIFT_VERSION = 4.0;
				TARGETED_DEVICE_FAMILY = "1,2";
			};
			name = Release;
		};
/* End XCBuildConfiguration section */

/* Begin XCConfigurationList section */
		5E2FE0D620AAA9CB0030B515 /* Build configuration list for PBXProject "INSIST (GROUP52)" */ = {
			isa = XCConfigurationList;
			buildConfigurations = (
				5E2FE0EE20AAA9CB0030B515 /* Debug */,
				5E2FE0EF20AAA9CB0030B515 /* Release */,
			);
			defaultConfigurationIsVisible = 0;
			defaultConfigurationName = Release;
		};
		5E2FE0F020AAA9CB0030B515 /* Build configuration list for PBXNativeTarget "INSIST (GROUP52)" */ = {
			isa = XCConfigurationList;
			buildConfigurations = (
				5E2FE0F120AAA9CB0030B515 /* Debug */,
				5E2FE0F220AAA9CB0030B515 /* Release */,
			);
			defaultConfigurationIsVisible = 0;
			defaultConfigurationName = Release;
		};
/* End XCConfigurationList section */

/* Begin XCVersionGroup section */
		5E2FE0E520AAA9CB0030B515 /* INSIST__GROUP52_.xcdatamodeld */ = {
			isa = XCVersionGroup;
			children = (
				5E2FE0E620AAA9CB0030B515 /* INSIST__GROUP52_.xcdatamodel */,
			);
			currentVersion = 5E2FE0E620AAA9CB0030B515 /* INSIST__GROUP52_.xcdatamodel */;
			path = INSIST__GROUP52_.xcdatamodeld;
			sourceTree = "<group>";
			versionGroupType = wrapper.xcdatamodel;
		};
/* End XCVersionGroup section */
	};
	rootObject = 5E2FE0D320AAA9CB0030B515 /* Project object */;
}
